
Microsoft Visual Studio Solution File, Format Version 12.00
# Visual Studio Version 17
VisualStudioVersion = 17.7.34024.191
MinimumVisualStudioVersion = 10.0.40219.1
Project("{9A19103F-16F7-4668-BE54-9A1E7A4F7556}") = "Drones.Application", "Drones.Application\Drones.Application.csproj", "{18E506FD-3FFC-47AD-A952-4D735862A01F}"
EndProject
Project("{9A19103F-16F7-4668-BE54-9A1E7A4F7556}") = "Drones.Data", "Drones.Data\Drones.Data.csproj", "{0901F0D1-0F64-4E98-B8C1-DF3EE3F6E5B8}"
EndProject
Project("{9A19103F-16F7-4668-BE54-9A1E7A4F7556}") = "Drones.Api", "Drones.Api\Drones.Api.csproj", "{791C622B-55F4-44C4-93D7-AB2DB2688D40}"
EndProject
Global
	GlobalSection(SolutionConfigurationPlatforms) = preSolution
		Debug|Any CPU = Debug|Any CPU
		Release|Any CPU = Release|Any CPU
	EndGlobalSection
	GlobalSection(ProjectConfigurationPlatforms) = postSolution
		{18E506FD-3FFC-47AD-A952-4D735862A01F}.Debug|Any CPU.ActiveCfg = Debug|Any CPU
		{18E506FD-3FFC-47AD-A952-4D735862A01F}.Debug|Any CPU.Build.0 = Debug|Any CPU
		{18E506FD-3FFC-47AD-A952-4D735862A01F}.Release|Any CPU.ActiveCfg = Release|Any CPU
		{18E506FD-3FFC-47AD-A952-4D735862A01F}.Release|Any CPU.Build.0 = Release|Any CPU
		{0901F0D1-0F64-4E98-B8C1-DF3EE3F6E5B8}.Debug|Any CPU.ActiveCfg = Debug|Any CPU
		{0901F0D1-0F64-4E98-B8C1-DF3EE3F6E5B8}.Debug|Any CPU.Build.0 = Debug|Any CPU
		{0901F0D1-0F64-4E98-B8C1-DF3EE3F6E5B8}.Release|Any CPU.ActiveCfg = Release|Any CPU
		{0901F0D1-0F64-4E98-B8C1-DF3EE3F6E5B8}.Release|Any CPU.Build.0 = Release|Any CPU
		{791C622B-55F4-44C4-93D7-AB2DB2688D40}.Debug|Any CPU.ActiveCfg = Debug|Any CPU
		{791C622B-55F4-44C4-93D7-AB2DB2688D40}.Debug|Any CPU.Build.0 = Debug|Any CPU
		{791C622B-55F4-44C4-93D7-AB2DB2688D40}.Release|Any CPU.ActiveCfg = Release|Any CPU
		{791C622B-55F4-44C4-93D7-AB2DB2688D40}.Release|Any CPU.Build.0 = Release|Any CPU
	EndGlobalSection
	GlobalSection(SolutionProperties) = preSolution
		HideSolutionNode = FALSE
	EndGlobalSection
	GlobalSection(ExtensibilityGlobals) = postSolution
		SolutionGuid = {AD62B2F5-4C05-4D74-AF4B-1437FDF5892D}
	EndGlobalSection
EndGlobal
